
Microsoft Visual Studio Solution File, Format Version 12.00
# Visual Studio 15
VisualStudioVersion = 15.0.27004.2010
MinimumVisualStudioVersion = 10.0.40219.1
Project("{FAE04EC0-301F-11D3-BF4B-00C04F79EFBC}") = "Entru", "Entru\Entru.csproj", "{4DA88A58-5B32-4C31-B88E-F0AF1EB5CBAF}"
EndProject
Project("{FAE04EC0-301F-11D3-BF4B-00C04F79EFBC}") = "words", "words\words.csproj", "{74FBC5E2-7A91-42D3-911C-8F6D6A2E7177}"
EndProject
Project("{FAE04EC0-301F-11D3-BF4B-00C04F79EFBC}") = "EntruSecond", "EntruSecond\EntruSecond.csproj", "{2260A9AB-BAE6-4067-83D4-38BD04183903}"
EndProject
Global
	GlobalSection(SolutionConfigurationPlatforms) = preSolution
		Debug|Any CPU = Debug|Any CPU
		Release|Any CPU = Release|Any CPU
	EndGlobalSection
	GlobalSection(ProjectConfigurationPlatforms) = postSolution
		{4DA88A58-5B32-4C31-B88E-F0AF1EB5CBAF}.Debug|Any CPU.ActiveCfg = Debug|Any CPU
		{4DA88A58-5B32-4C31-B88E-F0AF1EB5CBAF}.Debug|Any CPU.Build.0 = Debug|Any CPU
		{4DA88A58-5B32-4C31-B88E-F0AF1EB5CBAF}.Release|Any CPU.ActiveCfg = Release|Any CPU
		{4DA88A58-5B32-4C31-B88E-F0AF1EB5CBAF}.Release|Any CPU.Build.0 = Release|Any CPU
		{74FBC5E2-7A91-42D3-911C-8F6D6A2E7177}.Debug|Any CPU.ActiveCfg = Debug|Any CPU
		{74FBC5E2-7A91-42D3-911C-8F6D6A2E7177}.Debug|Any CPU.Build.0 = Debug|Any CPU
		{74FBC5E2-7A91-42D3-911C-8F6D6A2E7177}.Release|Any CPU.ActiveCfg = Release|Any CPU
		{74FBC5E2-7A91-42D3-911C-8F6D6A2E7177}.Release|Any CPU.Build.0 = Release|Any CPU
		{2260A9AB-BAE6-4067-83D4-38BD04183903}.Debug|Any CPU.ActiveCfg = Debug|Any CPU
		{2260A9AB-BAE6-4067-83D4-38BD04183903}.Debug|Any CPU.Build.0 = Debug|Any CPU
		{2260A9AB-BAE6-4067-83D4-38BD04183903}.Release|Any CPU.ActiveCfg = Release|Any CPU
		{2260A9AB-BAE6-4067-83D4-38BD04183903}.Release|Any CPU.Build.0 = Release|Any CPU
	EndGlobalSection
	GlobalSection(SolutionProperties) = preSolution
		HideSolutionNode = FALSE
	EndGlobalSection
	GlobalSection(ExtensibilityGlobals) = postSolution
		SolutionGuid = {60ADA99E-9EC6-4C31-84CB-AC751B4179BD}
	EndGlobalSection
EndGlobal
